
Microsoft Visual Studio Solution File, Format Version 12.00
# Visual Studio Version 16
VisualStudioVersion = 16.0.32413.511
MinimumVisualStudioVersion = 10.0.40219.1
Project("{FAE04EC0-301F-11D3-BF4B-00C04F79EFBC}") = "KeycloakTest", "KeycloakTest\KeycloakTest.csproj", "{B5E47447-6685-458D-84E2-93DD1C3AB1F5}"
EndProject
Global
	GlobalSection(SolutionConfigurationPlatforms) = preSolution
		Debug|Any CPU = Debug|Any CPU
		Release|Any CPU = Release|Any CPU
	EndGlobalSection
	GlobalSection(ProjectConfigurationPlatforms) = postSolution
		{B5E47447-6685-458D-84E2-93DD1C3AB1F5}.Debug|Any CPU.ActiveCfg = Debug|Any CPU
		{B5E47447-6685-458D-84E2-93DD1C3AB1F5}.Debug|Any CPU.Build.0 = Debug|Any CPU
		{B5E47447-6685-458D-84E2-93DD1C3AB1F5}.Release|Any CPU.ActiveCfg = Release|Any CPU
		{B5E47447-6685-458D-84E2-93DD1C3AB1F5}.Release|Any CPU.Build.0 = Release|Any CPU
	EndGlobalSection
	GlobalSection(SolutionProperties) = preSolution
		HideSolutionNode = FALSE
	EndGlobalSection
	GlobalSection(ExtensibilityGlobals) = postSolution
		SolutionGuid = {A3FA062C-B093-460D-B54C-F1529C7B60E4}
	EndGlobalSection
EndGlobal
